
Microsoft Visual Studio Solution File, Format Version 12.00
# Visual Studio Version 17
VisualStudioVersion = 17.8.34330.188
MinimumVisualStudioVersion = 10.0.40219.1
Project("{FAE04EC0-301F-11D3-BF4B-00C04F79EFBC}") = "Student_Data_Retrieve", "Student_Data_Retrieve\Student_Data_Retrieve.csproj", "{96D1E47C-330D-4525-BAAE-73ECA00D559E}"
EndProject
Global
	GlobalSection(SolutionConfigurationPlatforms) = preSolution
		Debug|Any CPU = Debug|Any CPU
		Release|Any CPU = Release|Any CPU
	EndGlobalSection
	GlobalSection(ProjectConfigurationPlatforms) = postSolution
		{96D1E47C-330D-4525-BAAE-73ECA00D559E}.Debug|Any CPU.ActiveCfg = Debug|Any CPU
		{96D1E47C-330D-4525-BAAE-73ECA00D559E}.Debug|Any CPU.Build.0 = Debug|Any CPU
		{96D1E47C-330D-4525-BAAE-73ECA00D559E}.Release|Any CPU.ActiveCfg = Release|Any CPU
		{96D1E47C-330D-4525-BAAE-73ECA00D559E}.Release|Any CPU.Build.0 = Release|Any CPU
	EndGlobalSection
	GlobalSection(SolutionProperties) = preSolution
		HideSolutionNode = FALSE
	EndGlobalSection
	GlobalSection(ExtensibilityGlobals) = postSolution
		SolutionGuid = {469F5403-B7D1-40B8-AD52-030CA8CA5221}
	EndGlobalSection
EndGlobal
